github.com/BurntSushi/toml v0.0.0-20170626110600-a368813c5e64 h1:BuYewlQyh/jroxY8qx41SrzD8Go17GkyCyAeVmprvQI=
github.com/BurntSushi/toml v0.0.0-20170626110600-a368813c5e64/go.mod h1:xHWCNGjB5oqiDr8zfno3MHue2Ht5sIBksp03qcyfWMU=
github.com/PuerkitoBio/purell v0.0.0-20170917143911-fd18e053af8a h1:cMAxqfQO2nPhKW9rBRibcexhzwNF8pys3AwMM13gdPU=
github.com/PuerkitoBio/purell v0.0.0-20170917143911-fd18e053af8a/go.mod h1:c11w/QuzBsJSee3cPx9rAFu61PvFxuPbtSwDGJws/X0=
github.com/PuerkitoBio/urlesc v0.0.0-20170810143723-de5bf2ad4578 h1:d+Bc7a5rLufV/sSk/8dngufqelfh6jnri85riMAaF/M=
github.com/PuerkitoBio/urlesc v0.0.0-20170810143723-de5bf2ad4578/go.mod h1:uGdkoq3SwY9Y+13GIhn11/XLaGBb4BfwItxLd5jeuXE=
github.com/ajstarks/svgo v0.0.0-20181006003313-6ce6a3bcf6cd h1:JdtityihAc6A+gVfYh6vGXfZQg+XOLyBvla/7NbXFCg=
github.com/ajstarks/svgo v0.0.0-20181006003313-6ce6a3bcf6cd/go.mod h1:K08gAheRH3/J6wwsYMMT4xOr94bZjxIelGM0+d/wbFw=
github.com/alecthomas/chroma v0.0.0-20171014090240-02c4adc0664a h1:VKvdbg+siIQT+EX5j7nMFf4xe26NYD44Tvm1p5VM1QA=
github.com/alecthomas/chroma v0.0.0-20171014090240-02c4adc0664a/go.mod h1:MmozekIi2rfQSzDcdEZ2BoJ9Pxs/7uc2Y4Boh+hIeZo=
github.com/chaseadamsio/goorgeous v1.1.0 h1:J9UrYDhzucUMHXsCKG+kICvpR5dT1cqZdVFTYvSlUBk=
github.com/chaseadamsio/goorgeous v1.1.0/go.mod h1:6QaC0vFoKWYDth94dHFNgRT2YkT5FHdQp/Yx15aAAi0=
github.com/clbanning/mxj v0.0.0-20180418195244-1f00e0bf9bac h1:pDk4KQSwikOIp4ZiOxprVstUwn2G3IiObc3MoQops9I=
github.com/clbanning/mxj v0.0.0-20180418195244-1f00e0bf9bac/go.mod h1:BVjHeAH+rl9rs6f+QIpeRl0tfu10SXn1pUSa5PVGJng=
github.com/danwakefield/fnmatch v0.0.0-20160403171240-cbb64ac3d964 h1:y5HC9v93H5EPKqaS1UYVg1uYah5Xf51mBfIoWehClUQ=
github.com/danwakefield/fnmatch v0.0.0-20160403171240-cbb64ac3d964/go.mod h1:Xd9hchkHSWYkEqJwUGisez3G1QY8Ryz0sdWrLPMGjLk=
github.com/dlclark/regexp2 v1.1.6 h1:CqB4MjHw0MFCDj+PHHjiESmHX+N7t0tJzKvC6M97BRg=
github.com/dlclark/regexp2 v1.1.6/go.mod h1:2pZnwuY/m+8K6iRw6wQdMtk+rH5tNGR1i55kozfMjCc=
github.com/fatih/color v1.7.0/go.mod h1:Zm6kSWBoL9eyXnKyktHP6abPY2pDugNf5KwzbycvMj4=
github.com/frankbraun/codechain v0.0.0-20181003151823-874744930a10 h1:mUT4puZsBXbT5D/p6Xk0wsbe37pSGEwCxWay1yNWqlw=
github.com/frankbraun/codechain v0.0.0-20181003151823-874744930a10/go.mod h1:zJb2Rl9o7jVoquMJDhNMRf3R657h2PS5tlh1pRJZXxY=
github.com/frankbraun/huffman v0.0.0-20180512204827-00ccac022fac h1:CPOD9bIraUcpO5mpWpn7LtJMUvAZ64KxZKzBEc3p9xs=
github.com/frankbraun/huffman v0.0.0-20180512204827-00ccac022fac/go.mod h1:Y5gz15mW12tUXs3D1Y0uVutoM53EfmmY4D8vGd2Mz/g=
github.com/frankbraun/tcell v0.0.0-20170501212358-62d7350d170f h1:BObec9ASaknIBtvqzSBu5TvT7Kd8m8MqFiivMhBPbTo=
github.com/frankbraun/tcell v0.0.0-20170501212358-62d7350d170f/go.mod h1:R/fiGWLr4xzW6ZSNWXNV2qSGlXolVu74bir4bfqc/aI=
github.com/fsnotify/fsnotify v1.4.7 h1:IXs+QLmnXW2CcXuY+8Mzv/fWEsPGWxqefPtCP5CnV9I=
github.com/fsnotify/fsnotify v1.4.7/go.mod h1:jwhsz4b93w/PPRr/qN1Yymfu8t87LnFCMoQvtojpjFo=
github.com/gdamore/encoding v0.0.0-20151215212835-b23993cbb635 h1:hheUEMzaOie/wKeIc1WPa7CDVuIO5hqQxjS+dwTQEnI=
github.com/gdamore/encoding v0.0.0-20151215212835-b23993cbb635/go.mod h1:yrQYJKKDTrHmbYxI7CYi+/hbdiDT2m4Hj+t0ikCjsrQ=
github.com/gdamore/tcell v1.0.0 h1:oaly4AkxvDT5ffKHV/n4L8iy6FxG2QkAVl0M6cjryuE=
github.com/gdamore/tcell v1.0.0/go.mod h1:tqyG50u7+Ctv1w5VX67kLzKcj9YXR/JSBZQq/+mLl1A=
github.com/gohugoio/hugo v0.30.2 h1:5Hj1NWmxZH3icQrYZnuOdMK0D4P8EgN+i4u3mxRzTVA=
github.com/gohugoio/hugo v0.30.2/go.mod h1:4MkH5HA+adqD/APh9l+k6XD885lVN66vUmjs1zhPUGQ=
github.com/icza/bitio v0.0.0-20180221120200-b25b30b42508 h1:2LdkN1icT8cEFyB95fUbPE0TmQL9ZOjUv9MNJ1kg3XE=
github.com/icza/bitio v0.0.0-20180221120200-b25b30b42508/go.mod h1:1+iKpsBoI5fsqBTrjxjM81vidVQcxXCmDrM9vc6EU2w=
github.com/icza/huffman v0.0.0-20170125130617-3d0826129c71 h1:dlSjtV7SdaJQWXKDEz34XXVj8jReDH+H/zkiz8deV48=
github.com/icza/huffman v0.0.0-20170125130617-3d0826129c71/go.mod h1:3NXfLvCDus2ASo1upOMDZWsL4r6ERKsE7FlhplJpuTo=
github.com/jdkato/prose v0.0.0-20170930192320-2f88f08e8841 h1:gB8NXRpgjLeduvyCMokZzGTgKMecftI9qHMMEV7ScWQ=
github.com/jdkato/prose v0.0.0-20170930192320-2f88f08e8841/go.mod h1:jkF0lkxaX5PFSlk9l4Gh9Y+T57TqUZziWT7uZbW5ADg=
github.com/kyokomi/emoji v0.0.0-20170519011427-ddd4753eac3f h1:wKF6XTYiENfvBXJbfDS+uMT0u70/zahlS40o/nTNmFw=
github.com/kyokomi/emoji v0.0.0-20170519011427-ddd4753eac3f/go.mod h1:mZ6aGCD7yk8j6QY6KICwnZ2pxoszVseX1DNoGtU2tBA=
github.com/lucasb-eyer/go-colorful v0.0.0-20180526135729-345fbb3dbcdb h1:W9pRldEXciuQ/jOJrMjKb99npnpStT90ntbT1ujXpuo=
github.com/lucasb-eyer/go-colorful v0.0.0-20180526135729-345fbb3dbcdb/go.mod h1:NXg0ArsFk0Y01623LgUqoqcouGDB+PwCCQlrwrG6xJ4=
github.com/mattn/go-colorable v0.0.9/go.mod h1:9vuHe8Xs5qXnSaW/c/ABM9alt+Vo+STaOChaDxuIBZU=
github.com/mattn/go-isatty v0.0.4/go.mod h1:M+lRXTBqGeGNdLjl/ufCoiOlB5xdOkqRJdNxMWT7Zi4=
github.com/mattn/go-runewidth v0.0.2 h1:UnlwIPBGaTZfPQ6T1IGzPI0EkYAQmT9fAEJ/poFC63o=
github.com/mattn/go-runewidth v0.0.2/go.mod h1:LwmH8dsx7+W8Uxz3IHJYH5QSwggIsqBzpuz5H//U1FU=
github.com/miekg/mmark v0.0.0-20170831063344-057eb9e3ae87 h1:8ko7QNSLDgu8xypOkS5krTl5WLY9QGcM/JUbxnzM/ps=
github.com/miekg/mmark v0.0.0-20170831063344-057eb9e3ae87/go.mod h1:w7r9mkTvpS55jlfyn22qJ618itLryxXBhA7Jp3FIlkw=
github.com/mitchellh/mapstructure v0.0.0-20170523030023-d0303fe80992 h1:W7VHAEVflA5/eTyRvQ53Lz5j8bhRd1myHZlI/IZFvbU=
github.com/mitchellh/mapstructure v0.0.0-20170523030023-d0303fe80992/go.mod h1:FVVH3fgwuzCH5S8UJGiWEs2h04kUh9fWfEaFds41c1Y=
github.com/mutecomm/mute v0.0.0-20180427225835-8124193e6371 h1:WosDb7JpqWb/83fMUuGh8SqNbks0lHNtn3Ky/kRr9kM=
github.com/mutecomm/mute v0.0.0-20180427225835-8124193e6371/go.mod h1:V0AN5RERqeAJ0oaqiH0WzgjFmdm2FFT+hmSU1hI1Aq8=
github.com/peterh/liner v0.0.0-20180504030148-80ce870644db h1:I9UF7+diXx7EDe1WVcXxeBXi70wrI5b7Eyq5Akxd1g4=
github.com/peterh/liner v0.0.0-20180504030148-80ce870644db/go.mod h1:xIteQHvHuaLYG9IFj6mSxM0fCKrs34IrEQUhOYuGPHc=
github.com/rivo/tview v0.0.0-20180528192725-71ecf1f4299c h1:I505mFKL6arlt+CBElZOAHhy4d5iSDG5xyKd+vBWCBM=
github.com/rivo/tview v0.0.0-20180528192725-71ecf1f4299c/go.mod h1:J4W+hErFfITUbyFAEXizpmkuxX7ZN56dopxHB4XQhMw=
github.com/russross/blackfriday v0.0.0-20171011182219-6d1ef893fcb0 h1:hgS5QyP981zzGr3UYaoHb5+fpgK1lHleAOq5znvfJxU=
github.com/russross/blackfriday v0.0.0-20171011182219-6d1ef893fcb0/go.mod h1:JO/DiYxRf+HjHt06OyowR9PTA263kcR/rfWxYHBV53g=
github.com/russross/blackfriday/v2 v2.0.1 h1:lPqVAte+HuHNfhJ/0LC98ESWRz8afy9tM/0RK8m9o+Q=
github.com/russross/blackfriday/v2 v2.0.1/go.mod h1:+Rmxgy9KzJVeS9/2gXHxylqXiyQDYRxCVz55jmeOWTM=
github.com/sergi/go-diff v1.0.0 h1:Kpca3qRNrduNnOQeazBd0ysaKrUJiIuISHxogkT9RPQ=
github.com/sergi/go-diff v1.0.0/go.mod h1:0CfEIISq7TuYL3j771MWULgwwjU+GofnZX9QAmXWZgo=
github.com/shurcooL/sanitized_anchor_name v0.0.0-20170918181015-86672fcb3f95 h1:/vdW8Cb7EXrkqWGufVMES1OH2sU9gKVb2n9/1y5NMBY=
github.com/shurcooL/sanitized_anchor_name v0.0.0-20170918181015-86672fcb3f95/go.mod h1:1NzhyTcUVG4SuEtjjoZeVRXNmyL/1OwPU0+IJeTBvfc=
github.com/spf13/afero v0.0.0-20171003204538-8a6ade7159a9 h1:Qv0FQN7KyQxUrxxNsN2/cVA23a2NJEAGFnfkyApPJzs=
github.com/spf13/afero v0.0.0-20171003204538-8a6ade7159a9/go.mod h1:j4pytiNVoe2o6bmDsKpLACNPDBIoEAkihy7loJ1B0CQ=
github.com/spf13/cast v1.2.0 h1:HHl1DSRbEQN2i8tJmtS6ViPyHx35+p51amrdsiTCrkg=
github.com/spf13/cast v1.2.0/go.mod h1:r2rcYCSwa1IExKTDiTfzaxqT2FNHs8hODu4LnUfgKEg=
github.com/spf13/hugo v0.0.0-20180525165718-171caf28a903 h1:HfUt3/jFEJpvMDaP8zvOjRXwXKpSP/OT/8aVz+zx/hY=
github.com/spf13/hugo v0.0.0-20180525165718-171caf28a903/go.mod h1:Pn8esnPefqHsPIBr1xWnWcZ2ph6ve5HXsvILd2eYlho=
github.com/spf13/jwalterweatherman v0.0.0-20170901151539-12bd96e66386 h1:zBoLErXXAvWnNsu+pWkRYl6Cx1KXmIfAVsIuYkPN6aY=
github.com/spf13/jwalterweatherman v0.0.0-20170901151539-12bd96e66386/go.mod h1:cQK4TGJAtQXfYWX+Ddv3mKDzgVb68N+wFjFa4jdeBTo=
github.com/spf13/pflag v0.0.0-20171001220252-be7121dd7a93 h1:rws5yaQeFr+u8RMM0FLMX66DWBqW2CHTiVvYrnAnRBc=
github.com/spf13/pflag v0.0.0-20171001220252-be7121dd7a93/go.mod h1:DYY7MBk1bdzusC3SYhjObp+wFpr4gzcvqqNjLnInEg4=
golang.org/x/crypto v0.0.0-20180602220124-df8d4716b347/go.mod h1:6SG95UA2DQfeDnfUPMdvaQW0Q7yPrPDi9nlGo2tz2b4=
golang.org/x/crypto v0.0.0-20180910181607-0e37d006457b h1:2b9XGzhjiYsYPnKXoEfL7klWZQIt8IfyRCz62gCqqlQ=
golang.org/x/crypto v0.0.0-20180910181607-0e37d006457b/go.mod h1:6SG95UA2DQfeDnfUPMdvaQW0Q7yPrPDi9nlGo2tz2b4=
golang.org/x/net v0.0.0-20180530234432-1e491301e022 h1:MVYFTUmVD3/+ERcvRRI+P/C2+WOUimXh+Pd8LVsklZ4=
golang.org/x/net v0.0.0-20180530234432-1e491301e022/go.mod h1:mL1N/T3taQHkDXs73rZJwtUhF3w3ftmwwsq0BUmARs4=
golang.org/x/sys v0.0.0-20180525142821-c11f84a56e43/go.mod h1:STP8DvDyc/dI5b8T5hshtkjS+E42TnysNCUPdjciGhY=
golang.org/x/sys v0.0.0-20180926160741-c2ed4eda69e7 h1:bit1t3mgdR35yN0cX0G8orgLtOuyL9Wqxa1mccLB0ig=
golang.org/x/sys v0.0.0-20180926160741-c2ed4eda69e7/go.mod h1:STP8DvDyc/dI5b8T5hshtkjS+E42TnysNCUPdjciGhY=
golang.org/x/text v0.3.0 h1:g61tztE5qeGQ89tm6NTjjM9VPIm088od1l6aSorWRWg=
golang.org/x/text v0.3.0/go.mod h1:NqM8EUOU14njkJ3fqMW+pc6Ldnwhi/IjpwHt7yyuwOQ=
gopkg.in/check.v1 v0.0.0-20161208181325-20d25e280405/go.mod h1:Co6ibVJAznAaIkqp8huTwlJQCZ016jof/cbN4VW5Yz0=
gopkg.in/russross/blackfriday.v2 v2.0.0/go.mod h1:6sSBNz/GtOm/pJTuh5UmBK2ZHfmnxGbl2NZg1UliSOI=
gopkg.in/yaml.v2 v2.2.1 h1:mUhvW9EsL+naU5Q3cakzfE91YhliOondGd6ZrsDBHQE=
gopkg.in/yaml.v2 v2.2.1/go.mod h1:hI93XBmqTisBFMUTm0b8Fm+jr3Dg1NNxqwp+5A1VGuI=
