# This file is autogenerated, do not edit; changes may be undone by the next 'dep ensure'.


[[projects]]
  branch = "master"
  name = "github.com/BurntSushi/toml"
  packages = ["."]
  revision = "a368813c5e648fee92e5f6c30e3944ff9d5e8895"

[[projects]]
  name = "github.com/PuerkitoBio/purell"
  packages = ["."]
  revision = "fd18e053af8a4ff11039269006e8037ff374ce0e"

[[projects]]
  branch = "master"
  name = "github.com/PuerkitoBio/urlesc"
  packages = ["."]
  revision = "de5bf2ad457846296e2031421a34e2568e304e35"

[[projects]]
  name = "github.com/alecthomas/chroma"
  packages = [
    ".",
    "formatters",
    "formatters/html",
    "lexers",
    "styles"
  ]
  revision = "02c4adc0664a104c4ea91c6c3a41a91b93bbd9ef"

[[projects]]
  name = "github.com/chaseadamsio/goorgeous"
  packages = ["."]
  revision = "dcf1ef873b8987bf12596fe6951c48347986eb2f"
  version = "v1.1.0"

[[projects]]
  name = "github.com/clbanning/mxj"
  packages = ["."]
  revision = "1f00e0bf9bacd7ea9c93d27594d1d1f5a41bac36"
  version = "v1.8"

[[projects]]
  branch = "master"
  name = "github.com/danwakefield/fnmatch"
  packages = ["."]
  revision = "cbb64ac3d964b81592e64f957ad53df015803288"

[[projects]]
  name = "github.com/dlclark/regexp2"
  packages = [
    ".",
    "syntax"
  ]
  revision = "487489b64fb796de2e55f4e8a4ad1e145f80e957"
  version = "v1.1.6"

[[projects]]
  branch = "master"
  name = "github.com/frankbraun/codechain"
  packages = [
    "util/bzero",
    "util/file",
    "util/terminal"
  ]
  revision = "874744930a101b56d8908d169d8af4f558368c71"

[[projects]]
  branch = "master"
  name = "github.com/frankbraun/huffman"
  packages = ["hufio"]
  revision = "00ccac022fac2721e1695ad883112176682fc983"

[[projects]]
  branch = "master"
  name = "github.com/frankbraun/tcell"
  packages = ["."]
  revision = "62d7350d170ffa942c74ae40a99c8b0a6dcc8c95"

[[projects]]
  name = "github.com/fsnotify/fsnotify"
  packages = ["."]
  revision = "c2828203cd70a50dcccfb2761f8b1f8ceef9a8e9"
  version = "v1.4.7"

[[projects]]
  branch = "master"
  name = "github.com/gdamore/encoding"
  packages = ["."]
  revision = "b23993cbb6353f0e6aa98d0ee318a34728f628b9"

[[projects]]
  name = "github.com/gdamore/tcell"
  packages = [
    ".",
    "terminfo"
  ]
  revision = "061d51a604c546b48e92253cb65190d76cecf4c6"
  version = "v1.0.0"

[[projects]]
  name = "github.com/gohugoio/hugo"
  packages = [
    "bufferpool",
    "config",
    "helpers",
    "hugofs"
  ]
  revision = "142ebba2c5d113d8f7ac3a5ae739d60779554a4a"
  version = "v0.30.2"

[[projects]]
  branch = "master"
  name = "github.com/icza/bitio"
  packages = ["."]
  revision = "b25b30b425083d5b200f092711bac9027828452c"

[[projects]]
  branch = "master"
  name = "github.com/icza/huffman"
  packages = [
    ".",
    "hufio"
  ]
  revision = "3d0826129c717ad11e2aeacf22f4f8d6a6d73f69"

[[projects]]
  name = "github.com/jdkato/prose"
  packages = [
    "internal/util",
    "transform"
  ]
  revision = "2f88f08e8841553b3397c0582a550c8227073f98"

[[projects]]
  name = "github.com/kyokomi/emoji"
  packages = ["."]
  revision = "ddd4753eac3f6480ca86b16cc6c98d26a0935d17"

[[projects]]
  name = "github.com/lucasb-eyer/go-colorful"
  packages = ["."]
  revision = "345fbb3dbcdb252d9985ee899a84963c0fa24c82"
  version = "v1.0"

[[projects]]
  name = "github.com/mattn/go-runewidth"
  packages = ["."]
  revision = "9e777a8366cce605130a531d2cd6363d07ad7317"
  version = "v0.0.2"

[[projects]]
  branch = "master"
  name = "github.com/miekg/mmark"
  packages = ["."]
  revision = "057eb9e3ae87944c038036d046101dec0c56e21f"

[[projects]]
  name = "github.com/mitchellh/mapstructure"
  packages = ["."]
  revision = "d0303fe809921458f417bcf828397a65db30a7e4"

[[projects]]
  branch = "master"
  name = "github.com/mutecomm/mute"
  packages = [
    "tui/textbuffer",
    "util/browser"
  ]
  revision = "8124193e6371a55a2f2adea4158084d514561a51"

[[projects]]
  branch = "master"
  name = "github.com/peterh/liner"
  packages = ["."]
  revision = "80ce870644db1b043e8dc2cf836bde5c347e2701"

[[projects]]
  branch = "master"
  name = "github.com/rivo/tview"
  packages = ["."]
  revision = "71ecf1f4299c6d72b16d20da72405b7e85ac8720"

[[projects]]
  name = "github.com/russross/blackfriday"
  packages = ["."]
  revision = "6d1ef893fcb01b4f50cb6e57ed7df3e2e627b6b2"

[[projects]]
  name = "github.com/sergi/go-diff"
  packages = ["diffmatchpatch"]
  revision = "1744e2970ca51c86172c8190fadad617561ed6e7"
  version = "v1.0.0"

[[projects]]
  branch = "master"
  name = "github.com/shurcooL/sanitized_anchor_name"
  packages = ["."]
  revision = "86672fcb3f950f35f2e675df2240550f2a50762f"

[[projects]]
  name = "github.com/spf13/afero"
  packages = [
    ".",
    "mem"
  ]
  revision = "8a6ade7159a9b7fff5d2feac091c425177ac1b28"

[[projects]]
  name = "github.com/spf13/cast"
  packages = ["."]
  revision = "8965335b8c7107321228e3e3702cab9832751bac"
  version = "v1.2.0"

[[projects]]
  name = "github.com/spf13/hugo"
  packages = ["parser"]
  revision = "171caf28a903cdbb5c5bfd7f89f742f1a5a40fb6"
  version = "v0.41"

[[projects]]
  name = "github.com/spf13/jwalterweatherman"
  packages = ["."]
  revision = "12bd96e66386c1960ab0f74ced1362f66f552f7b"

[[projects]]
  name = "github.com/spf13/pflag"
  packages = ["."]
  revision = "be7121dd7a937a85e1e4b1ddda6a3edce3466110"

[[projects]]
  branch = "master"
  name = "golang.org/x/crypto"
  packages = [
    "argon2",
    "blake2b",
    "nacl/secretbox",
    "poly1305",
    "salsa20/salsa",
    "ssh/terminal"
  ]
  revision = "df8d4716b3472e4a531c33cedbe537dae921a1a9"

[[projects]]
  branch = "master"
  name = "golang.org/x/net"
  packages = ["idna"]
  revision = "1e491301e022f8f977054da4c2d852decd59571f"

[[projects]]
  branch = "master"
  name = "golang.org/x/sys"
  packages = [
    "cpu",
    "unix",
    "windows"
  ]
  revision = "c11f84a56e43e20a78cee75a7c034031ecf57d1f"

[[projects]]
  name = "golang.org/x/text"
  packages = [
    "collate",
    "collate/build",
    "encoding",
    "encoding/internal/identifier",
    "internal/colltab",
    "internal/gen",
    "internal/tag",
    "internal/triegen",
    "internal/ucd",
    "language",
    "secure/bidirule",
    "transform",
    "unicode/bidi",
    "unicode/cldr",
    "unicode/norm",
    "unicode/rangetable",
    "width"
  ]
  revision = "f21a4dfb5e38f5895301dc265a8def02365cc3d0"
  version = "v0.3.0"

[[projects]]
  name = "gopkg.in/russross/blackfriday.v2"
  packages = ["."]
  revision = "cadec560ec52d93835bf2f15bd794700d3a2473b"
  version = "v2.0.0"

[[projects]]
  name = "gopkg.in/yaml.v2"
  packages = ["."]
  revision = "5420a8b6744d3b0345ab293f6fcba19c978f1183"
  version = "v2.2.1"

[solve-meta]
  analyzer-name = "dep"
  analyzer-version = 1
  inputs-digest = "409780dd582c21dd8f43793da85082b31f2e65820a72c6199493b8aec984826f"
  solver-name = "gps-cdcl"
  solver-version = 1
